// !$*UTF8*$!
{
	archiveVersion = 1;
	classes = {
	};
	objectVersion = 50;
	objects = {

/* Begin PBXBuildFile section */
		AD066A7E2410EC39005D8745 /* GridViewModelTests.swift in Sources */ = {isa = PBXBuildFile; fileRef = AD066A7D2410EC39005D8745 /* GridViewModelTests.swift */; };
		AD575F0F23DF298D00BF7963 /* AppDelegate.swift in Sources */ = {isa = PBXBuildFile; fileRef = AD575F0E23DF298D00BF7963 /* AppDelegate.swift */; };
		AD575F1623DF298D00BF7963 /* Main.storyboard in Resources */ = {isa = PBXBuildFile; fileRef = AD575F1423DF298D00BF7963 /* Main.storyboard */; };
		AD575F1823DF298F00BF7963 /* Assets.xcassets in Resources */ = {isa = PBXBuildFile; fileRef = AD575F1723DF298F00BF7963 /* Assets.xcassets */; };
		AD575F1B23DF298F00BF7963 /* LaunchScreen.storyboard in Resources */ = {isa = PBXBuildFile; fileRef = AD575F1923DF298F00BF7963 /* LaunchScreen.storyboard */; };
		AD5989A323EC09B100283820 /* FirstGrid.swift in Sources */ = {isa = PBXBuildFile; fileRef = AD5989A223EC09B100283820 /* FirstGrid.swift */; };
		AD5989A523EC09BD00283820 /* GridType.swift in Sources */ = {isa = PBXBuildFile; fileRef = AD5989A423EC09BD00283820 /* GridType.swift */; };
		AD5989A723EC2B1400283820 /* SecondGrid.swift in Sources */ = {isa = PBXBuildFile; fileRef = AD5989A623EC2B1300283820 /* SecondGrid.swift */; };
		AD5989A923EC2B2D00283820 /* ThirdGrid.swift in Sources */ = {isa = PBXBuildFile; fileRef = AD5989A823EC2B2D00283820 /* ThirdGrid.swift */; };
		AD5B054323E85FE800C0EC5D /* HomeViewController.swift in Sources */ = {isa = PBXBuildFile; fileRef = AD5B054223E85FE800C0EC5D /* HomeViewController.swift */; };
		AD5B054523E8663E00C0EC5D /* HomeViewModel.swift in Sources */ = {isa = PBXBuildFile; fileRef = AD5B054423E8663E00C0EC5D /* HomeViewModel.swift */; };
		AD6284B823E0A15300D67581 /* ThirstySoftRegular.otf in Resources */ = {isa = PBXBuildFile; fileRef = AD6284B723E0A15300D67581 /* ThirstySoftRegular.otf */; };
		AD6284BA23E0A16300D67581 /* Delm-Medium.otf in Resources */ = {isa = PBXBuildFile; fileRef = AD6284B923E0A16300D67581 /* Delm-Medium.otf */; };
		AD74B5DB23F1A00C0030A556 /* FirstGrid.xib in Resources */ = {isa = PBXBuildFile; fileRef = AD74B5DA23F1A00C0030A556 /* FirstGrid.xib */; };
		AD74B5DD23F1A0260030A556 /* SecondGrid.xib in Resources */ = {isa = PBXBuildFile; fileRef = AD74B5DC23F1A0260030A556 /* SecondGrid.xib */; };
		AD74B5DF23F1A0320030A556 /* ThirdGrid.xib in Resources */ = {isa = PBXBuildFile; fileRef = AD74B5DE23F1A0320030A556 /* ThirdGrid.xib */; };
		AD90AC7123F541F400E9B7C2 /* GridViewModel.swift in Sources */ = {isa = PBXBuildFile; fileRef = AD90AC7023F541F400E9B7C2 /* GridViewModel.swift */; };
		ADC5EF2025349A4A0042D772 /* HomeViewModelTests.swift in Sources */ = {isa = PBXBuildFile; fileRef = ADC5EF1F25349A4A0042D772 /* HomeViewModelTests.swift */; };
/* End PBXBuildFile section */

/* Begin PBXContainerItemProxy section */
		AD066A752410115A005D8745 /* PBXContainerItemProxy */ = {
			isa = PBXContainerItemProxy;
			containerPortal = AD575F0323DF298D00BF7963 /* Project object */;
			proxyType = 1;
			remoteGlobalIDString = AD575F0A23DF298D00BF7963;
			remoteInfo = Instagrid;
		};
/* End PBXContainerItemProxy section */

/* Begin PBXFileReference section */
		AD066A702410115A005D8745 /* InstagridTests.xctest */ = {isa = PBXFileReference; explicitFileType = wrapper.cfbundle; includeInIndex = 0; path = InstagridTests.xctest; sourceTree = BUILT_PRODUCTS_DIR; };
		AD066A742410115A005D8745 /* Info.plist */ = {isa = PBXFileReference; lastKnownFileType = text.plist.xml; path = Info.plist; sourceTree = "<group>"; };
		AD066A7D2410EC39005D8745 /* GridViewModelTests.swift */ = {isa = PBXFileReference; lastKnownFileType = sourcecode.swift; path = GridViewModelTests.swift; sourceTree = "<group>"; };
		AD575F0B23DF298D00BF7963 /* Instagrid.app */ = {isa = PBXFileReference; explicitFileType = wrapper.application; includeInIndex = 0; path = Instagrid.app; sourceTree = BUILT_PRODUCTS_DIR; };
		AD575F0E23DF298D00BF7963 /* AppDelegate.swift */ = {isa = PBXFileReference; lastKnownFileType = sourcecode.swift; path = AppDelegate.swift; sourceTree = "<group>"; };
		AD575F1523DF298D00BF7963 /* Base */ = {isa = PBXFileReference; lastKnownFileType = file.storyboard; name = Base; path = Base.lproj/Main.storyboard; sourceTree = "<group>"; };
		AD575F1723DF298F00BF7963 /* Assets.xcassets */ = {isa = PBXFileReference; lastKnownFileType = folder.assetcatalog; path = Assets.xcassets; sourceTree = "<group>"; };
		AD575F1A23DF298F00BF7963 /* Base */ = {isa = PBXFileReference; lastKnownFileType = file.storyboard; name = Base; path = Base.lproj/LaunchScreen.storyboard; sourceTree = "<group>"; };
		AD575F1C23DF298F00BF7963 /* Info.plist */ = {isa = PBXFileReference; lastKnownFileType = text.plist.xml; path = Info.plist; sourceTree = "<group>"; };
		AD5989A223EC09B100283820 /* FirstGrid.swift */ = {isa = PBXFileReference; lastKnownFileType = sourcecode.swift; path = FirstGrid.swift; sourceTree = "<group>"; };
		AD5989A423EC09BD00283820 /* GridType.swift */ = {isa = PBXFileReference; lastKnownFileType = sourcecode.swift; path = GridType.swift; sourceTree = "<group>"; };
		AD5989A623EC2B1300283820 /* SecondGrid.swift */ = {isa = PBXFileReference; lastKnownFileType = sourcecode.swift; path = SecondGrid.swift; sourceTree = "<group>"; };
		AD5989A823EC2B2D00283820 /* ThirdGrid.swift */ = {isa = PBXFileReference; lastKnownFileType = sourcecode.swift; path = ThirdGrid.swift; sourceTree = "<group>"; };
		AD5B054223E85FE800C0EC5D /* HomeViewController.swift */ = {isa = PBXFileReference; lastKnownFileType = sourcecode.swift; path = HomeViewController.swift; sourceTree = "<group>"; };
		AD5B054423E8663E00C0EC5D /* HomeViewModel.swift */ = {isa = PBXFileReference; lastKnownFileType = sourcecode.swift; path = HomeViewModel.swift; sourceTree = "<group>"; };
		AD6284B723E0A15300D67581 /* ThirstySoftRegular.otf */ = {isa = PBXFileReference; lastKnownFileType = file; path = ThirstySoftRegular.otf; sourceTree = "<group>"; };
		AD6284B923E0A16300D67581 /* Delm-Medium.otf */ = {isa = PBXFileReference; lastKnownFileType = file; path = "Delm-Medium.otf"; sourceTree = "<group>"; };
		AD74B5DA23F1A00C0030A556 /* FirstGrid.xib */ = {isa = PBXFileReference; lastKnownFileType = file.xib; path = FirstGrid.xib; sourceTree = "<group>"; };
		AD74B5DC23F1A0260030A556 /* SecondGrid.xib */ = {isa = PBXFileReference; lastKnownFileType = file.xib; path = SecondGrid.xib; sourceTree = "<group>"; };
		AD74B5DE23F1A0320030A556 /* ThirdGrid.xib */ = {isa = PBXFileReference; lastKnownFileType = file.xib; path = ThirdGrid.xib; sourceTree = "<group>"; };
		AD90AC7023F541F400E9B7C2 /* GridViewModel.swift */ = {isa = PBXFileReference; lastKnownFileType = sourcecode.swift; path = GridViewModel.swift; sourceTree = "<group>"; };
		ADC5EF1F25349A4A0042D772 /* HomeViewModelTests.swift */ = {isa = PBXFileReference; lastKnownFileType = sourcecode.swift; path = HomeViewModelTests.swift; sourceTree = "<group>"; };
/* End PBXFileReference section */

/* Begin PBXFrameworksBuildPhase section */
		AD066A6D2410115A005D8745 /* Frameworks */ = {
			isa = PBXFrameworksBuildPhase;
			buildActionMask = 2147483647;
			files = (
			);
			runOnlyForDeploymentPostprocessing = 0;
		};
		AD575F0823DF298D00BF7963 /* Frameworks */ = {
			isa = PBXFrameworksBuildPhase;
			buildActionMask = 2147483647;
			files = (
			);
			runOnlyForDeploymentPostprocessing = 0;
		};
/* End PBXFrameworksBuildPhase section */

/* Begin PBXGroup section */
		AD066A712410115A005D8745 /* InstagridTests */ = {
			isa = PBXGroup;
			children = (
				AD066A742410115A005D8745 /* Info.plist */,
				AD066A7D2410EC39005D8745 /* GridViewModelTests.swift */,
				ADC5EF1F25349A4A0042D772 /* HomeViewModelTests.swift */,
			);
			path = InstagridTests;
			sourceTree = "<group>";
		};
		AD575F0223DF298D00BF7963 = {
			isa = PBXGroup;
			children = (
				AD575F0D23DF298D00BF7963 /* Instagrid */,
				AD066A712410115A005D8745 /* InstagridTests */,
				AD575F0C23DF298D00BF7963 /* Products */,
			);
			sourceTree = "<group>";
		};
		AD575F0C23DF298D00BF7963 /* Products */ = {
			isa = PBXGroup;
			children = (
				AD575F0B23DF298D00BF7963 /* Instagrid.app */,
				AD066A702410115A005D8745 /* InstagridTests.xctest */,
			);
			name = Products;
			sourceTree = "<group>";
		};
		AD575F0D23DF298D00BF7963 /* Instagrid */ = {
			isa = PBXGroup;
			children = (
				AD624FFB23E2F54E008D5243 /* Sources */,
				AD624FFC23E2F556008D5243 /* Ressources */,
			);
			path = Instagrid;
			sourceTree = "<group>";
		};
		AD624FFB23E2F54E008D5243 /* Sources */ = {
			isa = PBXGroup;
			children = (
				AD575F0E23DF298D00BF7963 /* AppDelegate.swift */,
				AD575F1423DF298D00BF7963 /* Main.storyboard */,
				AD5B054223E85FE800C0EC5D /* HomeViewController.swift */,
				AD5B054423E8663E00C0EC5D /* HomeViewModel.swift */,
				AD90AC6F23F5418900E9B7C2 /* Grids */,
			);
			name = Sources;
			sourceTree = "<group>";
		};
		AD624FFC23E2F556008D5243 /* Ressources */ = {
			isa = PBXGroup;
			children = (
				AD575F1723DF298F00BF7963 /* Assets.xcassets */,
				AD6284B723E0A15300D67581 /* ThirstySoftRegular.otf */,
				AD6284B923E0A16300D67581 /* Delm-Medium.otf */,
				AD575F1923DF298F00BF7963 /* LaunchScreen.storyboard */,
				AD575F1C23DF298F00BF7963 /* Info.plist */,
			);
			path = Ressources;
			sourceTree = "<group>";
		};
		AD74B5D723F19E5B0030A556 /* First Grid */ = {
			isa = PBXGroup;
			children = (
				AD74B5DA23F1A00C0030A556 /* FirstGrid.xib */,
				AD5989A223EC09B100283820 /* FirstGrid.swift */,
			);
			path = "First Grid";
			sourceTree = "<group>";
		};
		AD74B5D823F19E740030A556 /* ThirdGrid */ = {
			isa = PBXGroup;
			children = (
				AD74B5DE23F1A0320030A556 /* ThirdGrid.xib */,
				AD5989A823EC2B2D00283820 /* ThirdGrid.swift */,
			);
			name = ThirdGrid;
			sourceTree = "<group>";
		};
		AD74B5D923F19E770030A556 /* SecondGrid */ = {
			isa = PBXGroup;
			children = (
				AD74B5DC23F1A0260030A556 /* SecondGrid.xib */,
				AD5989A623EC2B1300283820 /* SecondGrid.swift */,
			);
			name = SecondGrid;
			sourceTree = "<group>";
		};
		AD90AC6F23F5418900E9B7C2 /* Grids */ = {
			isa = PBXGroup;
			children = (
				AD5989A423EC09BD00283820 /* GridType.swift */,
				AD90AC7023F541F400E9B7C2 /* GridViewModel.swift */,
				AD74B5D723F19E5B0030A556 /* First Grid */,
				AD74B5D923F19E770030A556 /* SecondGrid */,
				AD74B5D823F19E740030A556 /* ThirdGrid */,
			);
			name = Grids;
			sourceTree = "<group>";
		};
/* End PBXGroup section */

/* Begin PBXNativeTarget section */
		AD066A6F2410115A005D8745 /* InstagridTests */ = {
			isa = PBXNativeTarget;
			buildConfigurationList = AD066A792410115A005D8745 /* Build configuration list for PBXNativeTarget "InstagridTests" */;
			buildPhases = (
				AD066A6C2410115A005D8745 /* Sources */,
				AD066A6D2410115A005D8745 /* Frameworks */,
				AD066A6E2410115A005D8745 /* Resources */,
			);
			buildRules = (
			);
			dependencies = (
				AD066A762410115A005D8745 /* PBXTargetDependency */,
			);
			name = InstagridTests;
			productName = InstagridTests;
			productReference = AD066A702410115A005D8745 /* InstagridTests.xctest */;
			productType = "com.apple.product-type.bundle.unit-test";
		};
		AD575F0A23DF298D00BF7963 /* Instagrid */ = {
			isa = PBXNativeTarget;
			buildConfigurationList = AD575F1F23DF298F00BF7963 /* Build configuration list for PBXNativeTarget "Instagrid" */;
			buildPhases = (
				AD575F0723DF298D00BF7963 /* Sources */,
				AD575F0823DF298D00BF7963 /* Frameworks */,
				AD575F0923DF298D00BF7963 /* Resources */,
			);
			buildRules = (
			);
			dependencies = (
			);
			name = Instagrid;
			productName = Insta;
			productReference = AD575F0B23DF298D00BF7963 /* Instagrid.app */;
			productType = "com.apple.product-type.application";
		};
/* End PBXNativeTarget section */

/* Begin PBXProject section */
		AD575F0323DF298D00BF7963 /* Project object */ = {
			isa = PBXProject;
			attributes = {
				LastSwiftUpdateCheck = 1130;
				LastUpgradeCheck = 1200;
				ORGANIZATIONNAME = RPELG;
				TargetAttributes = {
					AD066A6F2410115A005D8745 = {
						CreatedOnToolsVersion = 11.3.1;
						LastSwiftMigration = 1130;
						TestTargetID = AD575F0A23DF298D00BF7963;
					};
					AD575F0A23DF298D00BF7963 = {
						CreatedOnToolsVersion = 11.3.1;
					};
				};
			};
			buildConfigurationList = AD575F0623DF298D00BF7963 /* Build configuration list for PBXProject "Instagrid" */;
			compatibilityVersion = "Xcode 9.3";
			developmentRegion = en;
			hasScannedForEncodings = 0;
			knownRegions = (
				en,
				Base,
			);
			mainGroup = AD575F0223DF298D00BF7963;
			productRefGroup = AD575F0C23DF298D00BF7963 /* Products */;
			projectDirPath = "";
			projectRoot = "";
			targets = (
				AD575F0A23DF298D00BF7963 /* Instagrid */,
				AD066A6F2410115A005D8745 /* InstagridTests */,
			);
		};
/* End PBXProject section */

/* Begin PBXResourcesBuildPhase section */
		AD066A6E2410115A005D8745 /* Resources */ = {
			isa = PBXResourcesBuildPhase;
			buildActionMask = 2147483647;
			files = (
			);
			runOnlyForDeploymentPostprocessing = 0;
		};
		AD575F0923DF298D00BF7963 /* Resources */ = {
			isa = PBXResourcesBuildPhase;
			buildActionMask = 2147483647;
			files = (
				AD575F1B23DF298F00BF7963 /* LaunchScreen.storyboard in Resources */,
				AD6284BA23E0A16300D67581 /* Delm-Medium.otf in Resources */,
				AD74B5DB23F1A00C0030A556 /* FirstGrid.xib in Resources */,
				AD74B5DD23F1A0260030A556 /* SecondGrid.xib in Resources */,
				AD575F1823DF298F00BF7963 /* Assets.xcassets in Resources */,
				AD6284B823E0A15300D67581 /* ThirstySoftRegular.otf in Resources */,
				AD575F1623DF298D00BF7963 /* Main.storyboard in Resources */,
				AD74B5DF23F1A0320030A556 /* ThirdGrid.xib in Resources */,
			);
			runOnlyForDeploymentPostprocessing = 0;
		};
/* End PBXResourcesBuildPhase section */

/* Begin PBXSourcesBuildPhase section */
		AD066A6C2410115A005D8745 /* Sources */ = {
			isa = PBXSourcesBuildPhase;
			buildActionMask = 2147483647;
			files = (
				AD066A7E2410EC39005D8745 /* GridViewModelTests.swift in Sources */,
				ADC5EF2025349A4A0042D772 /* HomeViewModelTests.swift in Sources */,
			);
			runOnlyForDeploymentPostprocessing = 0;
		};
		AD575F0723DF298D00BF7963 /* Sources */ = {
			isa = PBXSourcesBuildPhase;
			buildActionMask = 2147483647;
			files = (
				AD90AC7123F541F400E9B7C2 /* GridViewModel.swift in Sources */,
				AD5989A323EC09B100283820 /* FirstGrid.swift in Sources */,
				AD575F0F23DF298D00BF7963 /* AppDelegate.swift in Sources */,
				AD5B054323E85FE800C0EC5D /* HomeViewController.swift in Sources */,
				AD5989A523EC09BD00283820 /* GridType.swift in Sources */,
				AD5B054523E8663E00C0EC5D /* HomeViewModel.swift in Sources */,
				AD5989A723EC2B1400283820 /* SecondGrid.swift in Sources */,
				AD5989A923EC2B2D00283820 /* ThirdGrid.swift in Sources */,
			);
			runOnlyForDeploymentPostprocessing = 0;
		};
/* End PBXSourcesBuildPhase section */

/* Begin PBXTargetDependency section */
		AD066A762410115A005D8745 /* PBXTargetDependency */ = {
			isa = PBXTargetDependency;
			target = AD575F0A23DF298D00BF7963 /* Instagrid */;
			targetProxy = AD066A752410115A005D8745 /* PBXContainerItemProxy */;
		};
/* End PBXTargetDependency section */

/* Begin PBXVariantGroup section */
		AD575F1423DF298D00BF7963 /* Main.storyboard */ = {
			isa = PBXVariantGroup;
			children = (
				AD575F1523DF298D00BF7963 /* Base */,
			);
			name = Main.storyboard;
			sourceTree = "<group>";
		};
		AD575F1923DF298F00BF7963 /* LaunchScreen.storyboard */ = {
			isa = PBXVariantGroup;
			children = (
				AD575F1A23DF298F00BF7963 /* Base */,
			);
			name = LaunchScreen.storyboard;
			sourceTree = "<group>";
		};
/* End PBXVariantGroup section */

/* Begin XCBuildConfiguration section */
		AD066A772410115A005D8745 /* Debug */ = {
			isa = XCBuildConfiguration;
			buildSettings = {
				BUNDLE_LOADER = "$(TEST_HOST)";
				CLANG_ENABLE_MODULES = YES;
				"CODE_SIGN_IDENTITY[sdk=macosx*]" = "Apple Development";
				CODE_SIGN_STYLE = Automatic;
				DEVELOPMENT_TEAM = KJBH9R4U9Y;
				INFOPLIST_FILE = InstagridTests/Info.plist;
				IPHONEOS_DEPLOYMENT_TARGET = 13.2;
				LD_RUNPATH_SEARCH_PATHS = (
					"$(inherited)",
					"@executable_path/Frameworks",
					"@loader_path/Frameworks",
				);
				PRODUCT_BUNDLE_IDENTIFIER = com.RPELG.InstagridTests;
				PRODUCT_NAME = "$(TARGET_NAME)";
				SWIFT_OBJC_BRIDGING_HEADER = "InstagridTests/InstagridTests-Bridging-Header.h";
				SWIFT_OPTIMIZATION_LEVEL = "-Onone";
				SWIFT_VERSION = 5.0;
				TARGETED_DEVICE_FAMILY = "1,2";
				TEST_HOST = "$(BUILT_PRODUCTS_DIR)/Instagrid.app/Instagrid";
			};
			name = Debug;
		};
		AD066A782410115A005D8745 /* Release */ = {
			isa = XCBuildConfiguration;
			buildSettings = {
				BUNDLE_LOADER = "$(TEST_HOST)";
				CLANG_ENABLE_MODULES = YES;
				"CODE_SIGN_IDENTITY[sdk=macosx*]" = "Apple Development";
				CODE_SIGN_STYLE = Automatic;
				DEVELOPMENT_TEAM = KJBH9R4U9Y;
				INFOPLIST_FILE = InstagridTests/Info.plist;
				IPHONEOS_DEPLOYMENT_TARGET = 13.2;
				LD_RUNPATH_SEARCH_PATHS = (
					"$(inherited)",
					"@executable_path/Frameworks",
					"@loader_path/Frameworks",
				);
				PRODUCT_BUNDLE_IDENTIFIER = com.RPELG.InstagridTests;
				PRODUCT_NAME = "$(TARGET_NAME)";
				SWIFT_OBJC_BRIDGING_HEADER = "InstagridTests/InstagridTests-Bridging-Header.h";
				SWIFT_VERSION = 5.0;
				TARGETED_DEVICE_FAMILY = "1,2";
				TEST_HOST = "$(BUILT_PRODUCTS_DIR)/Instagrid.app/Instagrid";
			};
			name = Release;
		};
		AD575F1D23DF298F00BF7963 /* Debug */ = {
			isa = XCBuildConfiguration;
			buildSettings = {
				ALWAYS_SEARCH_USER_PATHS = NO;
				CLANG_ANALYZER_NONNULL = YES;
				CLANG_ANALYZER_NUMBER_OBJECT_CONVERSION = YES_AGGRESSIVE;
				CLANG_CXX_LANGUAGE_STANDARD = "gnu++14";
				CLANG_CXX_LIBRARY = "libc++";
				CLANG_ENABLE_MODULES = YES;
				CLANG_ENABLE_OBJC_ARC = YES;
				CLANG_ENABLE_OBJC_WEAK = YES;
				CLANG_WARN_BLOCK_CAPTURE_AUTORELEASING = YES;
				CLANG_WARN_BOOL_CONVERSION = YES;
				CLANG_WARN_COMMA = YES;
				CLANG_WARN_CONSTANT_CONVERSION = YES;
				CLANG_WARN_DEPRECATED_OBJC_IMPLEMENTATIONS = YES;
				CLANG_WARN_DIRECT_OBJC_ISA_USAGE = YES_ERROR;
				CLANG_WARN_DOCUMENTATION_COMMENTS = YES;
				CLANG_WARN_EMPTY_BODY = YES;
				CLANG_WARN_ENUM_CONVERSION = YES;
				CLANG_WARN_INFINITE_RECURSION = YES;
				CLANG_WARN_INT_CONVERSION = YES;
				CLANG_WARN_NON_LITERAL_NULL_CONVERSION = YES;
				CLANG_WARN_OBJC_IMPLICIT_RETAIN_SELF = YES;
				CLANG_WARN_OBJC_LITERAL_CONVERSION = YES;
				CLANG_WARN_OBJC_ROOT_CLASS = YES_ERROR;
				CLANG_WARN_QUOTED_INCLUDE_IN_FRAMEWORK_HEADER = YES;
				CLANG_WARN_RANGE_LOOP_ANALYSIS = YES;
				CLANG_WARN_STRICT_PROTOTYPES = YES;
				CLANG_WARN_SUSPICIOUS_MOVE = YES;
				CLANG_WARN_UNGUARDED_AVAILABILITY = YES_AGGRESSIVE;
				CLANG_WARN_UNREACHABLE_CODE = YES;
				CLANG_WARN__DUPLICATE_METHOD_MATCH = YES;
				COPY_PHASE_STRIP = NO;
				DEBUG_INFORMATION_FORMAT = dwarf;
				ENABLE_STRICT_OBJC_MSGSEND = YES;
				ENABLE_TESTABILITY = YES;
				GCC_C_LANGUAGE_STANDARD = gnu11;
				GCC_DYNAMIC_NO_PIC = NO;
				GCC_NO_COMMON_BLOCKS = YES;
				GCC_OPTIMIZATION_LEVEL = 0;
				GCC_PREPROCESSOR_DEFINITIONS = (
					"DEBUG=1",
					"$(inherited)",
				);
				GCC_WARN_64_TO_32_BIT_CONVERSION = YES;
				GCC_WARN_ABOUT_RETURN_TYPE = YES_ERROR;
				GCC_WARN_UNDECLARED_SELECTOR = YES;
				GCC_WARN_UNINITIALIZED_AUTOS = YES_AGGRESSIVE;
				GCC_WARN_UNUSED_FUNCTION = YES;
				GCC_WARN_UNUSED_VARIABLE = YES;
				IPHONEOS_DEPLOYMENT_TARGET = 11.0;
				MTL_ENABLE_DEBUG_INFO = INCLUDE_SOURCE;
				MTL_FAST_MATH = YES;
				ONLY_ACTIVE_ARCH = YES;
				SDKROOT = iphoneos;
				SWIFT_ACTIVE_COMPILATION_CONDITIONS = DEBUG;
				SWIFT_OPTIMIZATION_LEVEL = "-Onone";
			};
			name = Debug;
		};
		AD575F1E23DF298F00BF7963 /* Release */ = {
			isa = XCBuildConfiguration;
			buildSettings = {
				ALWAYS_SEARCH_USER_PATHS = NO;
				CLANG_ANALYZER_NONNULL = YES;
				CLANG_ANALYZER_NUMBER_OBJECT_CONVERSION = YES_AGGRESSIVE;
				CLANG_CXX_LANGUAGE_STANDARD = "gnu++14";
				CLANG_CXX_LIBRARY = "libc++";
				CLANG_ENABLE_MODULES = YES;
				CLANG_ENABLE_OBJC_ARC = YES;
				CLANG_ENABLE_OBJC_WEAK = YES;
				CLANG_WARN_BLOCK_CAPTURE_AUTORELEASING = YES;
				CLANG_WARN_BOOL_CONVERSION = YES;
				CLANG_WARN_COMMA = YES;
				CLANG_WARN_CONSTANT_CONVERSION = YES;
				CLANG_WARN_DEPRECATED_OBJC_IMPLEMENTATIONS = YES;
				CLANG_WARN_DIRECT_OBJC_ISA_USAGE = YES_ERROR;
				CLANG_WARN_DOCUMENTATION_COMMENTS = YES;
				CLANG_WARN_EMPTY_BODY = YES;
				CLANG_WARN_ENUM_CONVERSION = YES;
				CLANG_WARN_INFINITE_RECURSION = YES;
				CLANG_WARN_INT_CONVERSION = YES;
				CLANG_WARN_NON_LITERAL_NULL_CONVERSION = YES;
				CLANG_WARN_OBJC_IMPLICIT_RETAIN_SELF = YES;
				CLANG_WARN_OBJC_LITERAL_CONVERSION = YES;
				CLANG_WARN_OBJC_ROOT_CLASS = YES_ERROR;
				CLANG_WARN_QUOTED_INCLUDE_IN_FRAMEWORK_HEADER = YES;
				CLANG_WARN_RANGE_LOOP_ANALYSIS = YES;
				CLANG_WARN_STRICT_PROTOTYPES = YES;
				CLANG_WARN_SUSPICIOUS_MOVE = YES;
				CLANG_WARN_UNGUARDED_AVAILABILITY = YES_AGGRESSIVE;
				CLANG_WARN_UNREACHABLE_CODE = YES;
				CLANG_WARN__DUPLICATE_METHOD_MATCH = YES;
				COPY_PHASE_STRIP = NO;
				DEBUG_INFORMATION_FORMAT = "dwarf-with-dsym";
				ENABLE_NS_ASSERTIONS = NO;
				ENABLE_STRICT_OBJC_MSGSEND = YES;
				GCC_C_LANGUAGE_STANDARD = gnu11;
				GCC_NO_COMMON_BLOCKS = YES;
				GCC_WARN_64_TO_32_BIT_CONVERSION = YES;
				GCC_WARN_ABOUT_RETURN_TYPE = YES_ERROR;
				GCC_WARN_UNDECLARED_SELECTOR = YES;
				GCC_WARN_UNINITIALIZED_AUTOS = YES_AGGRESSIVE;
				GCC_WARN_UNUSED_FUNCTION = YES;
				GCC_WARN_UNUSED_VARIABLE = YES;
				IPHONEOS_DEPLOYMENT_TARGET = 11.0;
				MTL_ENABLE_DEBUG_INFO = NO;
				MTL_FAST_MATH = YES;
				SDKROOT = iphoneos;
				SWIFT_COMPILATION_MODE = wholemodule;
				SWIFT_OPTIMIZATION_LEVEL = "-O";
				VALIDATE_PRODUCT = YES;
			};
			name = Release;
		};
		AD575F2023DF298F00BF7963 /* Debug */ = {
			isa = XCBuildConfiguration;
			buildSettings = {
				ASSETCATALOG_COMPILER_APPICON_NAME = AppIcon;
				CODE_SIGN_STYLE = Automatic;
				DEVELOPMENT_TEAM = KJBH9R4U9Y;
				INFOPLIST_FILE = Instagrid/Ressources/Info.plist;
				LD_RUNPATH_SEARCH_PATHS = (
					"$(inherited)",
					"@executable_path/Frameworks",
				);
				PRODUCT_BUNDLE_IDENTIFIER = com.RPELG.Instagrid;
				PRODUCT_NAME = Instagrid;
				SWIFT_VERSION = 5.0;
				TARGETED_DEVICE_FAMILY = 1;
			};
			name = Debug;
		};
		AD575F2123DF298F00BF7963 /* Release */ = {
			isa = XCBuildConfiguration;
			buildSettings = {
				ASSETCATALOG_COMPILER_APPICON_NAME = AppIcon;
				CODE_SIGN_STYLE = Automatic;
				DEVELOPMENT_TEAM = KJBH9R4U9Y;
				INFOPLIST_FILE = Instagrid/Ressources/Info.plist;
				LD_RUNPATH_SEARCH_PATHS = (
					"$(inherited)",
					"@executable_path/Frameworks",
				);
				PRODUCT_BUNDLE_IDENTIFIER = com.RPELG.Instagrid;
				PRODUCT_NAME = Instagrid;
				SWIFT_VERSION = 5.0;
				TARGETED_DEVICE_FAMILY = 1;
			};
			name = Release;
		};
/* End XCBuildConfiguration section */

/* Begin XCConfigurationList section */
		AD066A792410115A005D8745 /* Build configuration list for PBXNativeTarget "InstagridTests" */ = {
			isa = XCConfigurationList;
			buildConfigurations = (
				AD066A772410115A005D8745 /* Debug */,
				AD066A782410115A005D8745 /* Release */,
			);
			defaultConfigurationIsVisible = 0;
			defaultConfigurationName = Release;
		};
		AD575F0623DF298D00BF7963 /* Build configuration list for PBXProject "Instagrid" */ = {
			isa = XCConfigurationList;
			buildConfigurations = (
				AD575F1D23DF298F00BF7963 /* Debug */,
				AD575F1E23DF298F00BF7963 /* Release */,
			);
			defaultConfigurationIsVisible = 0;
			defaultConfigurationName = Release;
		};
		AD575F1F23DF298F00BF7963 /* Build configuration list for PBXNativeTarget "Instagrid" */ = {
			isa = XCConfigurationList;
			buildConfigurations = (
				AD575F2023DF298F00BF7963 /* Debug */,
				AD575F2123DF298F00BF7963 /* Release */,
			);
			defaultConfigurationIsVisible = 0;
			defaultConfigurationName = Release;
		};
/* End XCConfigurationList section */
	};
	rootObject = AD575F0323DF298D00BF7963 /* Project object */;
}
